{
  "packages/foundry/lib/forge-std": {
    "rev": "620536fa5277db4e3fd46772d5cbc1ea0696fb43"
  },
  "packages/foundry/lib/openzeppelin-contracts": {
    "rev": "5fd1781b1454fd1ef8e722282f86f9293cacf256"
  },
  "packages/foundry/lib/prb-math": {
    "rev": "b51e8631ed28d3cc917c491dd47cd6c3ff652edc"
  },
  "packages/foundry/lib/solidity-bytes-utils": {
    "rev": "f4413cd6137b78403e3a1156bee6aceab46b46fa"
  }
}